@'
{
  "name": "telegram-bot",
  "version": "1.0.0",
  "description": "",
  "main": "bot.js",
  "scripts": {
    "start": "node bot.js"
  },
  "keywords": [],
  "author": "",
  "license": "ISC",
  "type": "commonjs",
  "dependencies": {
    "dotenv": "^17.4.2",
    "node-cron": "^4.2.1",
    "node-telegram-bot-api": "^0.67.0"
  }
}
'@ | Out-File -FilePath package.json -Encoding utf8